
Microsoft Visual Studio Solution File, Format Version 12.00
# Visual Studio Version 17
VisualStudioVersion = 17.5.002.0
MinimumVisualStudioVersion = 10.0.40219.1
Project("{9A19103F-16F7-4668-BE54-9A1E7A4F7556}") = "WebApplication1", "WebApplication1.csproj", "{3027E47D-210E-47BC-A5AE-85C3D05EBD03}"
EndProject
Global
	GlobalSection(SolutionConfigurationPlatforms) = preSolution
		Debug|Any CPU = Debug|Any CPU
		Release|Any CPU = Release|Any CPU
	EndGlobalSection
	GlobalSection(ProjectConfigurationPlatforms) = postSolution
		{3027E47D-210E-47BC-A5AE-85C3D05EBD03}.Debug|Any CPU.ActiveCfg = Debug|Any CPU
		{3027E47D-210E-47BC-A5AE-85C3D05EBD03}.Debug|Any CPU.Build.0 = Debug|Any CPU
		{3027E47D-210E-47BC-A5AE-85C3D05EBD03}.Release|Any CPU.ActiveCfg = Release|Any CPU
		{3027E47D-210E-47BC-A5AE-85C3D05EBD03}.Release|Any CPU.Build.0 = Release|Any CPU
	EndGlobalSection
	GlobalSection(SolutionProperties) = preSolution
		HideSolutionNode = FALSE
	EndGlobalSection
	GlobalSection(ExtensibilityGlobals) = postSolution
		SolutionGuid = {B9611738-CA24-4BBA-908A-BE98671FF489}
	EndGlobalSection
EndGlobal
